<?xml version="1.0" encoding="utf-8"?>
<Project ToolsVersion="4.0" xmlns="http://schemas.microsoft.com/developer/msbuild/2003">
  <ItemGroup>
    <None Include="old\core.cpp" />
    <None Include="old\core.hpp" />
    <None Include="old\main.cpp" />
    <None Include="old\RegressionModel.cpp" />
    <None Include="old\RegressionModel.hpp" />
    <None Include="sources-from-artickle\main.cpp" />
  </ItemGroup>
  <ItemGroup>
    <ClInclude Include="Code\Perceptron.hpp" />
    <ClInclude Include="Code\Profiler.hpp" />
    <ClInclude Include="Code\Serializer.hpp" />
    <ClInclude Include="Code\misc.hpp" />
    <ClInclude Include="Code\GUI.hpp" />
    <ClInclude Include="Code\BusinessLogic.hpp" />
  </ItemGroup>
  <ItemGroup>
    <ClCompile Include="Code\main.cpp" />
    <ClCompile Include="Code\Perceptron.cpp" />
    <ClCompile Include="..\ThirdParty\imgui\include\imgui.cpp" />
    <ClCompile Include="..\ThirdParty\imgui\include\imgui_demo.cpp" />
    <ClCompile Include="..\ThirdParty\imgui\include\imgui_tables.cpp" />
    <ClCompile Include="..\ThirdParty\imgui\include\imgui_widgets.cpp" />
    <ClCompile Include="..\ThirdParty\imgui\include\imgui_draw.cpp" />
    <ClCompile Include="..\ThirdParty\imgui-sfml\include\imgui-SFML.cpp" />
    <ClCompile Include="Code\GUI.cpp" />
    <ClCompile Include="Code\BusinessLogic.cpp" />
    <ClCompile Include="..\ThirdParty\imgui\include\imgui_freetype.cpp" />
  </ItemGroup>
</Project>